// !$*UTF8*$!
{
	archiveVersion = 1;
	classes = {
	};
	objectVersion = 50;
	objects = {

/* Begin PBXBuildFile section */
		2AB6D8F9222C0FAF00494865 /* AppDelegate.swift in Sources */ = {isa = PBXBuildFile; fileRef = 2AB6D8F8222C0FAF00494865 /* AppDelegate.swift */; };
		2AB6D8FB222C0FAF00494865 /* ViewController.swift in Sources */ = {isa = PBXBuildFile; fileRef = 2AB6D8FA222C0FAF00494865 /* ViewController.swift */; };
		2AB6D8FE222C0FAF00494865 /* Main.storyboard in Resources */ = {isa = PBXBuildFile; fileRef = 2AB6D8FC222C0FAF00494865 /* Main.storyboard */; };
		2AB6D901222C0FAF00494865 /* Virgol.xcdatamodeld in Sources */ = {isa = PBXBuildFile; fileRef = 2AB6D8FF222C0FAF00494865 /* Virgol.xcdatamodeld */; };
		2AB6D903222C0FB100494865 /* Assets.xcassets in Resources */ = {isa = PBXBuildFile; fileRef = 2AB6D902222C0FB100494865 /* Assets.xcassets */; };
		2AB6D906222C0FB100494865 /* LaunchScreen.storyboard in Resources */ = {isa = PBXBuildFile; fileRef = 2AB6D904222C0FB100494865 /* LaunchScreen.storyboard */; };
/* End PBXBuildFile section */

/* Begin PBXFileReference section */
		2AB6D8F5222C0FAF00494865 /* Virgol.app */ = {isa = PBXFileReference; explicitFileType = wrapper.application; includeInIndex = 0; path = Virgol.app; sourceTree = BUILT_PRODUCTS_DIR; };
		2AB6D8F8222C0FAF00494865 /* AppDelegate.swift */ = {isa = PBXFileReference; lastKnownFileType = sourcecode.swift; path = AppDelegate.swift; sourceTree = "<group>"; };
		2AB6D8FA222C0FAF00494865 /* ViewController.swift */ = {isa = PBXFileReference; lastKnownFileType = sourcecode.swift; path = ViewController.swift; sourceTree = "<group>"; };
		2AB6D8FD222C0FAF00494865 /* Base */ = {isa = PBXFileReference; lastKnownFileType = file.storyboard; name = Base; path = Base.lproj/Main.storyboard; sourceTree = "<group>"; };
		2AB6D900222C0FAF00494865 /* Virgol.xcdatamodel */ = {isa = PBXFileReference; lastKnownFileType = wrapper.xcdatamodel; path = Virgol.xcdatamodel; sourceTree = "<group>"; };
		2AB6D902222C0FB100494865 /* Assets.xcassets */ = {isa = PBXFileReference; lastKnownFileType = folder.assetcatalog; path = Assets.xcassets; sourceTree = "<group>"; };
		2AB6D905222C0FB100494865 /* Base */ = {isa = PBXFileReference; lastKnownFileType = file.storyboard; name = Base; path = Base.lproj/LaunchScreen.storyboard; sourceTree = "<group>"; };
		2AB6D907222C0FB100494865 /* Info.plist */ = {isa = PBXFileReference; lastKnownFileType = text.plist.xml; path = Info.plist; sourceTree = "<group>"; };
/* End PBXFileReference section */

/* Begin PBXFrameworksBuildPhase section */
		2AB6D8F2222C0FAF00494865 /* Frameworks */ = {
			isa = PBXFrameworksBuildPhase;
			buildActionMask = 2147483647;
			files = (
			);
			runOnlyForDeploymentPostprocessing = 0;
		};
/* End PBXFrameworksBuildPhase section */

/* Begin PBXGroup section */
		2AB6D8EC222C0FAF00494865 = {
			isa = PBXGroup;
			children = (
				2AB6D8F7222C0FAF00494865 /* Virgol */,
				2AB6D8F6222C0FAF00494865 /* Products */,
			);
			sourceTree = "<group>";
		};
		2AB6D8F6222C0FAF00494865 /* Products */ = {
			isa = PBXGroup;
			children = (
				2AB6D8F5222C0FAF00494865 /* Virgol.app */,
			);
			name = Products;
			sourceTree = "<group>";
		};
		2AB6D8F7222C0FAF00494865 /* Virgol */ = {
			isa = PBXGroup;
			children = (
				2AB6D8F8222C0FAF00494865 /* AppDelegate.swift */,
				2AB6D8FA222C0FAF00494865 /* ViewController.swift */,
				2AB6D8FC222C0FAF00494865 /* Main.storyboard */,
				2AB6D902222C0FB100494865 /* Assets.xcassets */,
				2AB6D904222C0FB100494865 /* LaunchScreen.storyboard */,
				2AB6D907222C0FB100494865 /* Info.plist */,
				2AB6D8FF222C0FAF00494865 /* Virgol.xcdatamodeld */,
			);
			path = Virgol;
			sourceTree = "<group>";
		};
/* End PBXGroup section */

/* Begin PBXNativeTarget section */
		2AB6D8F4222C0FAF00494865 /* Virgol */ = {
			isa = PBXNativeTarget;
			buildConfigurationList = 2AB6D90A222C0FB100494865 /* Build configuration list for PBXNativeTarget "Virgol" */;
			buildPhases = (
				2AB6D8F1222C0FAF00494865 /* Sources */,
				2AB6D8F2222C0FAF00494865 /* Frameworks */,
				2AB6D8F3222C0FAF00494865 /* Resources */,
			);
			buildRules = (
			);
			dependencies = (
			);
			name = Virgol;
			productName = Virgol;
			productReference = 2AB6D8F5222C0FAF00494865 /* Virgol.app */;
			productType = "com.apple.product-type.application";
		};
/* End PBXNativeTarget section */

/* Begin PBXProject section */
		2AB6D8ED222C0FAF00494865 /* Project object */ = {
			isa = PBXProject;
			attributes = {
				LastSwiftUpdateCheck = 1010;
				LastUpgradeCheck = 1010;
				ORGANIZATIONNAME = "Alireza Eramabadi";
				TargetAttributes = {
					2AB6D8F4222C0FAF00494865 = {
						CreatedOnToolsVersion = 10.1;
					};
				};
			};
			buildConfigurationList = 2AB6D8F0222C0FAF00494865 /* Build configuration list for PBXProject "Virgol" */;
			compatibilityVersion = "Xcode 9.3";
			developmentRegion = en;
			hasScannedForEncodings = 0;
			knownRegions = (
				en,
				Base,
			);
			mainGroup = 2AB6D8EC222C0FAF00494865;
			productRefGroup = 2AB6D8F6222C0FAF00494865 /* Products */;
			projectDirPath = "";
			projectRoot = "";
			targets = (
				2AB6D8F4222C0FAF00494865 /* Virgol */,
			);
		};
/* End PBXProject section */

/* Begin PBXResourcesBuildPhase section */
		2AB6D8F3222C0FAF00494865 /* Resources */ = {
			isa = PBXResourcesBuildPhase;
			buildActionMask = 2147483647;
			files = (
				2AB6D906222C0FB100494865 /* LaunchScreen.storyboard in Resources */,
				2AB6D903222C0FB100494865 /* Assets.xcassets in Resources */,
				2AB6D8FE222C0FAF00494865 /* Main.storyboard in Resources */,
			);
			runOnlyForDeploymentPostprocessing = 0;
		};
/* End PBXResourcesBuildPhase section */

/* Begin PBXSourcesBuildPhase section */
		2AB6D8F1222C0FAF00494865 /* Sources */ = {
			isa = PBXSourcesBuildPhase;
			buildActionMask = 2147483647;
			files = (
				2AB6D901222C0FAF00494865 /* Virgol.xcdatamodeld in Sources */,
				2AB6D8FB222C0FAF00494865 /* ViewController.swift in Sources */,
				2AB6D8F9222C0FAF00494865 /* AppDelegate.swift in Sources */,
			);
			runOnlyForDeploymentPostprocessing = 0;
		};
/* End PBXSourcesBuildPhase section */

/* Begin PBXVariantGroup section */
		2AB6D8FC222C0FAF00494865 /* Main.storyboard */ = {
			isa = PBXVariantGroup;
			children = (
				2AB6D8FD222C0FAF00494865 /* Base */,
			);
			name = Main.storyboard;
			sourceTree = "<group>";
		};
		2AB6D904222C0FB100494865 /* LaunchScreen.storyboard */ = {
			isa = PBXVariantGroup;
			children = (
				2AB6D905222C0FB100494865 /* Base */,
			);
			name = LaunchScreen.storyboard;
			sourceTree = "<group>";
		};
/* End PBXVariantGroup section */

/* Begin XCBuildConfiguration section */
		2AB6D908222C0FB100494865 /* Debug */ = {
			isa = XCBuildConfiguration;
			buildSettings = {
				ALWAYS_SEARCH_USER_PATHS = NO;
				CLANG_ANALYZER_NONNULL = YES;
				CLANG_ANALYZER_NUMBER_OBJECT_CONVERSION = YES_AGGRESSIVE;
				CLANG_CXX_LANGUAGE_STANDARD = "gnu++14";
				CLANG_CXX_LIBRARY = "libc++";
				CLANG_ENABLE_MODULES = YES;
				CLANG_ENABLE_OBJC_ARC = YES;
				CLANG_ENABLE_OBJC_WEAK = YES;
				CLANG_WARN_BLOCK_CAPTURE_AUTORELEASING = YES;
				CLANG_WARN_BOOL_CONVERSION = YES;
				CLANG_WARN_COMMA = YES;
				CLANG_WARN_CONSTANT_CONVERSION = YES;
				CLANG_WARN_DEPRECATED_OBJC_IMPLEMENTATIONS = YES;
				CLANG_WARN_DIRECT_OBJC_ISA_USAGE = YES_ERROR;
				CLANG_WARN_DOCUMENTATION_COMMENTS = YES;
				CLANG_WARN_EMPTY_BODY = YES;
				CLANG_WARN_ENUM_CONVERSION = YES;
				CLANG_WARN_INFINITE_RECURSION = YES;
				CLANG_WARN_INT_CONVERSION = YES;
				CLANG_WARN_NON_LITERAL_NULL_CONVERSION = YES;
				CLANG_WARN_OBJC_IMPLICIT_RETAIN_SELF = YES;
				CLANG_WARN_OBJC_LITERAL_CONVERSION = YES;
				CLANG_WARN_OBJC_ROOT_CLASS = YES_ERROR;
				CLANG_WARN_RANGE_LOOP_ANALYSIS = YES;
				CLANG_WARN_STRICT_PROTOTYPES = YES;
				CLANG_WARN_SUSPICIOUS_MOVE = YES;
				CLANG_WARN_UNGUARDED_AVAILABILITY = YES_AGGRESSIVE;
				CLANG_WARN_UNREACHABLE_CODE = YES;
				CLANG_WARN__DUPLICATE_METHOD_MATCH = YES;
				CODE_SIGN_IDENTITY = "iPhone Developer";
				COPY_PHASE_STRIP = NO;
				DEBUG_INFORMATION_FORMAT = dwarf;
				ENABLE_STRICT_OBJC_MSGSEND = YES;
				ENABLE_TESTABILITY = YES;
				GCC_C_LANGUAGE_STANDARD = gnu11;
				GCC_DYNAMIC_NO_PIC = NO;
				GCC_NO_COMMON_BLOCKS = YES;
				GCC_OPTIMIZATION_LEVEL = 0;
				GCC_PREPROCESSOR_DEFINITIONS = (
					"DEBUG=1",
					"$(inherited)",
				);
				GCC_WARN_64_TO_32_BIT_CONVERSION = YES;
				GCC_WARN_ABOUT_RETURN_TYPE = YES_ERROR;
				GCC_WARN_UNDECLARED_SELECTOR = YES;
				GCC_WARN_UNINITIALIZED_AUTOS = YES_AGGRESSIVE;
				GCC_WARN_UNUSED_FUNCTION = YES;
				GCC_WARN_UNUSED_VARIABLE = YES;
				IPHONEOS_DEPLOYMENT_TARGET = 12.1;
				MTL_ENABLE_DEBUG_INFO = INCLUDE_SOURCE;
				MTL_FAST_MATH = YES;
				ONLY_ACTIVE_ARCH = YES;
				SDKROOT = iphoneos;
				SWIFT_ACTIVE_COMPILATION_CONDITIONS = DEBUG;
				SWIFT_OPTIMIZATION_LEVEL = "-Onone";
			};
			name = Debug;
		};
		2AB6D909222C0FB100494865 /* Release */ = {
			isa = XCBuildConfiguration;
			buildSettings = {
				ALWAYS_SEARCH_USER_PATHS = NO;
				CLANG_ANALYZER_NONNULL = YES;
				CLANG_ANALYZER_NUMBER_OBJECT_CONVERSION = YES_AGGRESSIVE;
				CLANG_CXX_LANGUAGE_STANDARD = "gnu++14";
				CLANG_CXX_LIBRARY = "libc++";
				CLANG_ENABLE_MODULES = YES;
				CLANG_ENABLE_OBJC_ARC = YES;
				CLANG_ENABLE_OBJC_WEAK = YES;
				CLANG_WARN_BLOCK_CAPTURE_AUTORELEASING = YES;
				CLANG_WARN_BOOL_CONVERSION = YES;
				CLANG_WARN_COMMA = YES;
				CLANG_WARN_CONSTANT_CONVERSION = YES;
				CLANG_WARN_DEPRECATED_OBJC_IMPLEMENTATIONS = YES;
				CLANG_WARN_DIRECT_OBJC_ISA_USAGE = YES_ERROR;
				CLANG_WARN_DOCUMENTATION_COMMENTS = YES;
				CLANG_WARN_EMPTY_BODY = YES;
				CLANG_WARN_ENUM_CONVERSION = YES;
				CLANG_WARN_INFINITE_RECURSION = YES;
				CLANG_WARN_INT_CONVERSION = YES;
				CLANG_WARN_NON_LITERAL_NULL_CONVERSION = YES;
				CLANG_WARN_OBJC_IMPLICIT_RETAIN_SELF = YES;
				CLANG_WARN_OBJC_LITERAL_CONVERSION = YES;
				CLANG_WARN_OBJC_ROOT_CLASS = YES_ERROR;
				CLANG_WARN_RANGE_LOOP_ANALYSIS = YES;
				CLANG_WARN_STRICT_PROTOTYPES = YES;
				CLANG_WARN_SUSPICIOUS_MOVE = YES;
				CLANG_WARN_UNGUARDED_AVAILABILITY = YES_AGGRESSIVE;
				CLANG_WARN_UNREACHABLE_CODE = YES;
				CLANG_WARN__DUPLICATE_METHOD_MATCH = YES;
				CODE_SIGN_IDENTITY = "iPhone Developer";
				COPY_PHASE_STRIP = NO;
				DEBUG_INFORMATION_FORMAT = "dwarf-with-dsym";
				ENABLE_NS_ASSERTIONS = NO;
				ENABLE_STRICT_OBJC_MSGSEND = YES;
				GCC_C_LANGUAGE_STANDARD = gnu11;
				GCC_NO_COMMON_BLOCKS = YES;
				GCC_WARN_64_TO_32_BIT_CONVERSION = YES;
				GCC_WARN_ABOUT_RETURN_TYPE = YES_ERROR;
				GCC_WARN_UNDECLARED_SELECTOR = YES;
				GCC_WARN_UNINITIALIZED_AUTOS = YES_AGGRESSIVE;
				GCC_WARN_UNUSED_FUNCTION = YES;
				GCC_WARN_UNUSED_VARIABLE = YES;
				IPHONEOS_DEPLOYMENT_TARGET = 12.1;
				MTL_ENABLE_DEBUG_INFO = NO;
				MTL_FAST_MATH = YES;
				SDKROOT = iphoneos;
				SWIFT_COMPILATION_MODE = wholemodule;
				SWIFT_OPTIMIZATION_LEVEL = "-O";
				VALIDATE_PRODUCT = YES;
			};
			name = Release;
		};
		2AB6D90B222C0FB100494865 /* Debug */ = {
			isa = XCBuildConfiguration;
			buildSettings = {
				ASSETCATALOG_COMPILER_APPICON_NAME = AppIcon;
				CODE_SIGN_STYLE = Automatic;
				INFOPLIST_FILE = Virgol/Info.plist;
				LD_RUNPATH_SEARCH_PATHS = (
					"$(inherited)",
					"@executable_path/Frameworks",
				);
				PRODUCT_BUNDLE_IDENTIFIER = com.Virgol;
				PRODUCT_NAME = "$(TARGET_NAME)";
				SWIFT_VERSION = 4.2;
				TARGETED_DEVICE_FAMILY = "1,2";
			};
			name = Debug;
		};
		2AB6D90C222C0FB100494865 /* Release */ = {
			isa = XCBuildConfiguration;
			buildSettings = {
				ASSETCATALOG_COMPILER_APPICON_NAME = AppIcon;
				CODE_SIGN_STYLE = Automatic;
				INFOPLIST_FILE = Virgol/Info.plist;
				LD_RUNPATH_SEARCH_PATHS = (
					"$(inherited)",
					"@executable_path/Frameworks",
				);
				PRODUCT_BUNDLE_IDENTIFIER = com.Virgol;
				PRODUCT_NAME = "$(TARGET_NAME)";
				SWIFT_VERSION = 4.2;
				TARGETED_DEVICE_FAMILY = "1,2";
			};
			name = Release;
		};
/* End XCBuildConfiguration section */

/* Begin XCConfigurationList section */
		2AB6D8F0222C0FAF00494865 /* Build configuration list for PBXProject "Virgol" */ = {
			isa = XCConfigurationList;
			buildConfigurations = (
				2AB6D908222C0FB100494865 /* Debug */,
				2AB6D909222C0FB100494865 /* Release */,
			);
			defaultConfigurationIsVisible = 0;
			defaultConfigurationName = Release;
		};
		2AB6D90A222C0FB100494865 /* Build configuration list for PBXNativeTarget "Virgol" */ = {
			isa = XCConfigurationList;
			buildConfigurations = (
				2AB6D90B222C0FB100494865 /* Debug */,
				2AB6D90C222C0FB100494865 /* Release */,
			);
			defaultConfigurationIsVisible = 0;
			defaultConfigurationName = Release;
		};
/* End XCConfigurationList section */

/* Begin XCVersionGroup section */
		2AB6D8FF222C0FAF00494865 /* Virgol.xcdatamodeld */ = {
			isa = XCVersionGroup;
			children = (
				2AB6D900222C0FAF00494865 /* Virgol.xcdatamodel */,
			);
			currentVersion = 2AB6D900222C0FAF00494865 /* Virgol.xcdatamodel */;
			path = Virgol.xcdatamodeld;
			sourceTree = "<group>";
			versionGroupType = wrapper.xcdatamodel;
		};
/* End XCVersionGroup section */
	};
	rootObject = 2AB6D8ED222C0FAF00494865 /* Project object */;
}
